
Microsoft Visual Studio Solution File, Format Version 12.00
# Visual Studio Version 17
VisualStudioVersion = 17.11.35219.272
MinimumVisualStudioVersion = 10.0.40219.1
Project("{FAE04EC0-301F-11D3-BF4B-00C04F79EFBC}") = "library_managment_system", "library_managment_system.csproj", "{0B7B05ED-4008-45D7-9264-30BFA9D40E5C}"
EndProject
Global
	GlobalSection(SolutionConfigurationPlatforms) = preSolution
		Debug|Any CPU = Debug|Any CPU
		Release|Any CPU = Release|Any CPU
	EndGlobalSection
	GlobalSection(ProjectConfigurationPlatforms) = postSolution
		{0B7B05ED-4008-45D7-9264-30BFA9D40E5C}.Debug|Any CPU.ActiveCfg = Debug|Any CPU
		{0B7B05ED-4008-45D7-9264-30BFA9D40E5C}.Debug|Any CPU.Build.0 = Debug|Any CPU
		{0B7B05ED-4008-45D7-9264-30BFA9D40E5C}.Release|Any CPU.ActiveCfg = Release|Any CPU
		{0B7B05ED-4008-45D7-9264-30BFA9D40E5C}.Release|Any CPU.Build.0 = Release|Any CPU
	EndGlobalSection
	GlobalSection(SolutionProperties) = preSolution
		HideSolutionNode = FALSE
	EndGlobalSection
	GlobalSection(ExtensibilityGlobals) = postSolution
		SolutionGuid = {62798229-C479-4AE9-A259-ACDB94B86D4C}
	EndGlobalSection
EndGlobal
